{
    "version": 3,
    "terraform_version": "0.11.13",
    "serial": 69,
    "lineage": "89aa4216-c0c6-63d0-c6a3-7ce8cacf863a",
    "modules": [
        {
            "path": [
                "root"
            ],
            "outputs": {
                "subnet_id": {
                    "sensitive": false,
                    "type": "string",
                    "value": "subnet-0bdabfed0de46cc83"
                },
                "vpc_id": {
                    "sensitive": false,
                    "type": "string",
                    "value": "vpc-0ea2301911573ed2a"
                },
                "workstation_public_ips": {
                    "sensitive": false,
                    "type": "list",
                    "value": [
                        "54.245.136.33"
                    ]
                }
            },
            "resources": {
                "aws_instance.workstation": {
                    "type": "aws_instance",
                    "depends_on": [
                        "aws_security_group.habworkshop",
                        "aws_subnet.habworkshop-subnet",
                        "data.aws_ami.windows_workstation"
                    ],
                    "primary": {
                        "id": "i-01eb8c18e933c27ea",
                        "attributes": {
                            "ami": "ami-0cd630da43a298c88",
                            "arn": "arn:aws:ec2:us-west-2:496323866215:instance/i-01eb8c18e933c27ea",
                            "associate_public_ip_address": "true",
                            "availability_zone": "us-west-2c",
                            "cpu_core_count": "1",
                            "cpu_threads_per_core": "2",
                            "credit_specification.#": "1",
                            "credit_specification.0.cpu_credits": "unlimited",
                            "disable_api_termination": "false",
                            "ebs_block_device.#": "0",
                            "ebs_optimized": "false",
                            "ephemeral_block_device.#": "0",
                            "get_password_data": "false",
                            "hibernation": "false",
                            "iam_instance_profile": "testKitchenAndKnifeEc2",
                            "id": "i-01eb8c18e933c27ea",
                            "instance_state": "running",
                            "instance_type": "t3.large",
                            "ipv6_address_count": "0",
                            "ipv6_addresses.#": "0",
                            "key_name": "anthonyrees_sa_aws",
                            "monitoring": "false",
                            "network_interface.#": "0",
                            "password_data": "",
                            "placement_group": "",
                            "primary_network_interface_id": "eni-0b4056e0cb648876a",
                            "private_dns": "ip-10-0-1-130.us-west-2.compute.internal",
                            "private_ip": "10.0.1.130",
                            "public_dns": "ec2-54-245-136-33.us-west-2.compute.amazonaws.com",
                            "public_ip": "54.245.136.33",
                            "root_block_device.#": "1",
                            "root_block_device.0.delete_on_termination": "true",
                            "root_block_device.0.encrypted": "false",
                            "root_block_device.0.iops": "300",
                            "root_block_device.0.kms_key_id": "",
                            "root_block_device.0.volume_id": "vol-02a47089560e9de29",
                            "root_block_device.0.volume_size": "100",
                            "root_block_device.0.volume_type": "gp2",
                            "security_groups.#": "0",
                            "source_dest_check": "true",
                            "subnet_id": "subnet-0bdabfed0de46cc83",
                            "tags.%": "7",
                            "tags.Name": "Rees-StudentWorkstation-habworkshop-0",
                            "tags.X-Application": "hab-win-ws",
                            "tags.X-Contact": "Rees",
                            "tags.X-Customer": "StudentWorkstation",
                            "tags.X-Dept": "sales",
                            "tags.X-Project": "Training",
                            "tags.X-TTL": "48",
                            "tenancy": "default",
                            "user_data": "997bbebb41f8daa449f8701f575242bedfc75ac7",
                            "volume_tags.%": "0",
                            "vpc_security_group_ids.#": "1",
                            "vpc_security_group_ids.2813435268": "sg-0d852279ebcfe3b7e"
                        },
                        "meta": {
                            "e2bfb730-ecaa-11e6-8f88-34363bc7c4c0": {
                                "create": 600000000000,
                                "delete": 1200000000000,
                                "update": 600000000000
                            },
                            "schema_version": "1"
                        },
                        "tainted": false
                    },
                    "deposed": [],
                    "provider": "provider.aws"
                },
                "aws_internet_gateway.habworkshop-gateway": {
                    "type": "aws_internet_gateway",
                    "depends_on": [
                        "aws_vpc.habworkshop-vpc"
                    ],
                    "primary": {
                        "id": "igw-09afaaa267055c80f",
                        "attributes": {
                            "id": "igw-09afaaa267055c80f",
                            "owner_id": "496323866215",
                            "tags.%": "1",
                            "tags.Name": "Rees-hab-win-ws-gateway",
                            "vpc_id": "vpc-0ea2301911573ed2a"
                        },
                        "meta": {},
                        "tainted": false
                    },
                    "deposed": [],
                    "provider": "provider.aws"
                },
                "aws_route.habworkshop-internet-access": {
                    "type": "aws_route",
                    "depends_on": [
                        "aws_internet_gateway.habworkshop-gateway",
                        "aws_vpc.habworkshop-vpc"
                    ],
                    "primary": {
                        "id": "r-rtb-00a585e5dd2e1c2ba1080289494",
                        "attributes": {
                            "destination_cidr_block": "0.0.0.0/0",
                            "destination_prefix_list_id": "",
                            "egress_only_gateway_id": "",
                            "gateway_id": "igw-09afaaa267055c80f",
                            "id": "r-rtb-00a585e5dd2e1c2ba1080289494",
                            "instance_id": "",
                            "instance_owner_id": "",
                            "nat_gateway_id": "",
                            "network_interface_id": "",
                            "origin": "CreateRoute",
                            "route_table_id": "rtb-00a585e5dd2e1c2ba",
                            "state": "active",
                            "transit_gateway_id": "",
                            "vpc_peering_connection_id": ""
                        },
                        "meta": {
                            "e2bfb730-ecaa-11e6-8f88-34363bc7c4c0": {
                                "create": 120000000000,
                                "delete": 300000000000
                            }
                        },
                        "tainted": false
                    },
                    "deposed": [],
                    "provider": "provider.aws"
                },
                "aws_security_group.habworkshop": {
                    "type": "aws_security_group",
                    "depends_on": [
                        "aws_vpc.habworkshop-vpc",
                        "random_id.instance_id"
                    ],
                    "primary": {
                        "id": "sg-0d852279ebcfe3b7e",
                        "attributes": {
                            "arn": "arn:aws:ec2:us-west-2:496323866215:security-group/sg-0d852279ebcfe3b7e",
                            "description": "Security group for Habitat workshop for Windows",
                            "egress.#": "0",
                            "id": "sg-0d852279ebcfe3b7e",
                            "ingress.#": "0",
                            "name": "habworkshop-de59b2b1",
                            "owner_id": "496323866215",
                            "revoke_rules_on_delete": "false",
                            "tags.%": "7",
                            "tags.Name": "StudentWorkstation-Training-de59b2b1-hab-win-ws-security_group",
                            "tags.X-Application": "hab-win-ws",
                            "tags.X-Contact": "Rees",
                            "tags.X-Customer": "StudentWorkstation",
                            "tags.X-Dept": "sales",
                            "tags.X-Project": "Training",
                            "tags.X-TTL": "48",
                            "vpc_id": "vpc-0ea2301911573ed2a"
                        },
                        "meta": {
                            "e2bfb730-ecaa-11e6-8f88-34363bc7c4c0": {
                                "create": 600000000000,
                                "delete": 600000000000
                            },
                            "schema_version": "1"
                        },
                        "tainted": false
                    },
                    "deposed": [],
                    "provider": "provider.aws"
                },
                "aws_security_group_rule.ingress_rdp_all": {
                    "type": "aws_security_group_rule",
                    "depends_on": [
                        "aws_security_group.habworkshop"
                    ],
                    "primary": {
                        "id": "sgrule-294037700",
                        "attributes": {
                            "cidr_blocks.#": "1",
                            "cidr_blocks.0": "0.0.0.0/0",
                            "from_port": "3389",
                            "id": "sgrule-294037700",
                            "protocol": "tcp",
                            "security_group_id": "sg-0d852279ebcfe3b7e",
                            "self": "false",
                            "to_port": "3389",
                            "type": "ingress"
                        },
                        "meta": {
                            "schema_version": "2"
                        },
                        "tainted": false
                    },
                    "deposed": [],
                    "provider": "provider.aws"
                },
                "aws_security_group_rule.ingress_winrm_all": {
                    "type": "aws_security_group_rule",
                    "depends_on": [
                        "aws_security_group.habworkshop"
                    ],
                    "primary": {
                        "id": "sgrule-3567566719",
                        "attributes": {
                            "cidr_blocks.#": "1",
                            "cidr_blocks.0": "0.0.0.0/0",
                            "from_port": "5985",
                            "id": "sgrule-3567566719",
                            "protocol": "tcp",
                            "security_group_id": "sg-0d852279ebcfe3b7e",
                            "self": "false",
                            "to_port": "5986",
                            "type": "ingress"
                        },
                        "meta": {
                            "schema_version": "2"
                        },
                        "tainted": false
                    },
                    "deposed": [],
                    "provider": "provider.aws"
                },
                "aws_security_group_rule.windows_egress_allow_0-65535_all": {
                    "type": "aws_security_group_rule",
                    "depends_on": [
                        "aws_security_group.habworkshop"
                    ],
                    "primary": {
                        "id": "sgrule-242335060",
                        "attributes": {
                            "cidr_blocks.#": "1",
                            "cidr_blocks.0": "0.0.0.0/0",
                            "from_port": "0",
                            "id": "sgrule-242335060",
                            "protocol": "-1",
                            "security_group_id": "sg-0d852279ebcfe3b7e",
                            "self": "false",
                            "to_port": "0",
                            "type": "egress"
                        },
                        "meta": {
                            "schema_version": "2"
                        },
                        "tainted": false
                    },
                    "deposed": [],
                    "provider": "provider.aws"
                },
                "aws_subnet.habworkshop-subnet": {
                    "type": "aws_subnet",
                    "depends_on": [
                        "aws_vpc.habworkshop-vpc"
                    ],
                    "primary": {
                        "id": "subnet-0bdabfed0de46cc83",
                        "attributes": {
                            "arn": "arn:aws:ec2:us-west-2:496323866215:subnet/subnet-0bdabfed0de46cc83",
                            "assign_ipv6_address_on_creation": "false",
                            "availability_zone": "us-west-2c",
                            "availability_zone_id": "usw2-az3",
                            "cidr_block": "10.0.1.0/24",
                            "id": "subnet-0bdabfed0de46cc83",
                            "ipv6_cidr_block": "",
                            "ipv6_cidr_block_association_id": "",
                            "map_public_ip_on_launch": "true",
                            "owner_id": "496323866215",
                            "tags.%": "1",
                            "tags.Name": "Rees-hab-win-ws-subnet",
                            "vpc_id": "vpc-0ea2301911573ed2a"
                        },
                        "meta": {
                            "e2bfb730-ecaa-11e6-8f88-34363bc7c4c0": {
                                "create": 600000000000,
                                "delete": 1200000000000
                            },
                            "schema_version": "1"
                        },
                        "tainted": false
                    },
                    "deposed": [],
                    "provider": "provider.aws"
                },
                "aws_vpc.habworkshop-vpc": {
                    "type": "aws_vpc",
                    "depends_on": [],
                    "primary": {
                        "id": "vpc-0ea2301911573ed2a",
                        "attributes": {
                            "arn": "arn:aws:ec2:us-west-2:496323866215:vpc/vpc-0ea2301911573ed2a",
                            "assign_generated_ipv6_cidr_block": "false",
                            "cidr_block": "10.0.0.0/16",
                            "default_network_acl_id": "acl-0e4bf437030b367e9",
                            "default_route_table_id": "rtb-00a585e5dd2e1c2ba",
                            "default_security_group_id": "sg-041d2fdf7dd04b427",
                            "dhcp_options_id": "dopt-90b951f5",
                            "enable_classiclink": "false",
                            "enable_classiclink_dns_support": "false",
                            "enable_dns_hostnames": "true",
                            "enable_dns_support": "true",
                            "id": "vpc-0ea2301911573ed2a",
                            "instance_tenancy": "default",
                            "ipv6_association_id": "",
                            "ipv6_cidr_block": "",
                            "main_route_table_id": "rtb-00a585e5dd2e1c2ba",
                            "owner_id": "496323866215",
                            "tags.%": "7",
                            "tags.Name": "Rees-hab-win-ws-vpc",
                            "tags.X-Application": "hab-win-ws",
                            "tags.X-Contact": "Rees",
                            "tags.X-Customer": "StudentWorkstation",
                            "tags.X-Dept": "sales",
                            "tags.X-Project": "Training",
                            "tags.X-TTL": "48"
                        },
                        "meta": {
                            "schema_version": "1"
                        },
                        "tainted": false
                    },
                    "deposed": [],
                    "provider": "provider.aws"
                },
                "data.aws_ami.windows_workstation": {
                    "type": "aws_ami",
                    "depends_on": [],
                    "primary": {
                        "id": "ami-0cd630da43a298c88",
                        "attributes": {
                            "architecture": "x86_64",
                            "block_device_mappings.#": "27",
                            "block_device_mappings.1016747457.device_name": "/dev/sda1",
                            "block_device_mappings.1016747457.ebs.%": "6",
                            "block_device_mappings.1016747457.ebs.delete_on_termination": "true",
                            "block_device_mappings.1016747457.ebs.encrypted": "false",
                            "block_device_mappings.1016747457.ebs.iops": "0",
                            "block_device_mappings.1016747457.ebs.snapshot_id": "snap-07758c674ce3583ea",
                            "block_device_mappings.1016747457.ebs.volume_size": "30",
                            "block_device_mappings.1016747457.ebs.volume_type": "gp2",
                            "block_device_mappings.1016747457.no_device": "",
                            "block_device_mappings.1016747457.virtual_name": "",
                            "block_device_mappings.1059705198.device_name": "xvdcq",
                            "block_device_mappings.1059705198.ebs.%": "0",
                            "block_device_mappings.1059705198.no_device": "",
                            "block_device_mappings.1059705198.virtual_name": "ephemeral16",
                            "block_device_mappings.1243518129.device_name": "xvdck",
                            "block_device_mappings.1243518129.ebs.%": "0",
                            "block_device_mappings.1243518129.no_device": "",
                            "block_device_mappings.1243518129.virtual_name": "ephemeral10",
                            "block_device_mappings.1387559417.device_name": "xvdcn",
                            "block_device_mappings.1387559417.ebs.%": "0",
                            "block_device_mappings.1387559417.no_device": "",
                            "block_device_mappings.1387559417.virtual_name": "ephemeral13",
                            "block_device_mappings.1523720897.device_name": "xvdcm",
                            "block_device_mappings.1523720897.ebs.%": "0",
                            "block_device_mappings.1523720897.no_device": "",
                            "block_device_mappings.1523720897.virtual_name": "ephemeral12",
                            "block_device_mappings.153898353.device_name": "xvdcs",
                            "block_device_mappings.153898353.ebs.%": "0",
                            "block_device_mappings.153898353.no_device": "",
                            "block_device_mappings.153898353.virtual_name": "ephemeral18",
                            "block_device_mappings.1718683500.device_name": "xvdca",
                            "block_device_mappings.1718683500.ebs.%": "0",
                            "block_device_mappings.1718683500.no_device": "",
                            "block_device_mappings.1718683500.virtual_name": "ephemeral0",
                            "block_device_mappings.2079948481.device_name": "xvdcw",
                            "block_device_mappings.2079948481.ebs.%": "0",
                            "block_device_mappings.2079948481.no_device": "",
                            "block_device_mappings.2079948481.virtual_name": "ephemeral22",
                            "block_device_mappings.2127256041.device_name": "xvdcf",
                            "block_device_mappings.2127256041.ebs.%": "0",
                            "block_device_mappings.2127256041.no_device": "",
                            "block_device_mappings.2127256041.virtual_name": "ephemeral5",
                            "block_device_mappings.2271637227.device_name": "xvdch",
                            "block_device_mappings.2271637227.ebs.%": "0",
                            "block_device_mappings.2271637227.no_device": "",
                            "block_device_mappings.2271637227.virtual_name": "ephemeral7",
                            "block_device_mappings.2335601450.device_name": "xvdct",
                            "block_device_mappings.2335601450.ebs.%": "0",
                            "block_device_mappings.2335601450.no_device": "",
                            "block_device_mappings.2335601450.virtual_name": "ephemeral19",
                            "block_device_mappings.2649854802.device_name": "xvdci",
                            "block_device_mappings.2649854802.ebs.%": "0",
                            "block_device_mappings.2649854802.no_device": "",
                            "block_device_mappings.2649854802.virtual_name": "ephemeral8",
                            "block_device_mappings.2752394454.device_name": "xvdco",
                            "block_device_mappings.2752394454.ebs.%": "0",
                            "block_device_mappings.2752394454.no_device": "",
                            "block_device_mappings.2752394454.virtual_name": "ephemeral14",
                            "block_device_mappings.2919192901.device_name": "xvdcp",
                            "block_device_mappings.2919192901.ebs.%": "0",
                            "block_device_mappings.2919192901.no_device": "",
                            "block_device_mappings.2919192901.virtual_name": "ephemeral15",
                            "block_device_mappings.3039404355.device_name": "xvdcc",
                            "block_device_mappings.3039404355.ebs.%": "0",
                            "block_device_mappings.3039404355.no_device": "",
                            "block_device_mappings.3039404355.virtual_name": "ephemeral2",
                            "block_device_mappings.3234906418.device_name": "xvdcy",
                            "block_device_mappings.3234906418.ebs.%": "0",
                            "block_device_mappings.3234906418.no_device": "",
                            "block_device_mappings.3234906418.virtual_name": "ephemeral24",
                            "block_device_mappings.3355749098.device_name": "xvdcl",
                            "block_device_mappings.3355749098.ebs.%": "0",
                            "block_device_mappings.3355749098.no_device": "",
                            "block_device_mappings.3355749098.virtual_name": "ephemeral11",
                            "block_device_mappings.3367410186.device_name": "xvdcz",
                            "block_device_mappings.3367410186.ebs.%": "0",
                            "block_device_mappings.3367410186.no_device": "",
                            "block_device_mappings.3367410186.virtual_name": "ephemeral25",
                            "block_device_mappings.3370773340.device_name": "xvdcg",
                            "block_device_mappings.3370773340.ebs.%": "0",
                            "block_device_mappings.3370773340.no_device": "",
                            "block_device_mappings.3370773340.virtual_name": "ephemeral6",
                            "block_device_mappings.3388947138.device_name": "xvdcd",
                            "block_device_mappings.3388947138.ebs.%": "0",
                            "block_device_mappings.3388947138.no_device": "",
                            "block_device_mappings.3388947138.virtual_name": "ephemeral3",
                            "block_device_mappings.3779702226.device_name": "xvdcu",
                            "block_device_mappings.3779702226.ebs.%": "0",
                            "block_device_mappings.3779702226.no_device": "",
                            "block_device_mappings.3779702226.virtual_name": "ephemeral20",
                            "block_device_mappings.3912234730.device_name": "xvdcv",
                            "block_device_mappings.3912234730.ebs.%": "0",
                            "block_device_mappings.3912234730.no_device": "",
                            "block_device_mappings.3912234730.virtual_name": "ephemeral21",
                            "block_device_mappings.4169893832.device_name": "xvdcj",
                            "block_device_mappings.4169893832.ebs.%": "0",
                            "block_device_mappings.4169893832.no_device": "",
                            "block_device_mappings.4169893832.virtual_name": "ephemeral9",
                            "block_device_mappings.464604531.device_name": "xvdce",
                            "block_device_mappings.464604531.ebs.%": "0",
                            "block_device_mappings.464604531.no_device": "",
                            "block_device_mappings.464604531.virtual_name": "ephemeral4",
                            "block_device_mappings.51057654.device_name": "xvdcb",
                            "block_device_mappings.51057654.ebs.%": "0",
                            "block_device_mappings.51057654.no_device": "",
                            "block_device_mappings.51057654.virtual_name": "ephemeral1",
                            "block_device_mappings.912952349.device_name": "xvdcx",
                            "block_device_mappings.912952349.ebs.%": "0",
                            "block_device_mappings.912952349.no_device": "",
                            "block_device_mappings.912952349.virtual_name": "ephemeral23",
                            "block_device_mappings.927959638.device_name": "xvdcr",
                            "block_device_mappings.927959638.ebs.%": "0",
                            "block_device_mappings.927959638.no_device": "",
                            "block_device_mappings.927959638.virtual_name": "ephemeral17",
                            "creation_date": "2020-02-07T21:49:16.000Z",
                            "filter.#": "2",
                            "filter.4003226141.name": "name",
                            "filter.4003226141.values.#": "1",
                            "filter.4003226141.values.0": "windows_2016_habitat_workstation_*",
                            "filter.490168357.name": "virtualization-type",
                            "filter.490168357.values.#": "1",
                            "filter.490168357.values.0": "hvm",
                            "hypervisor": "xen",
                            "id": "ami-0cd630da43a298c88",
                            "image_id": "ami-0cd630da43a298c88",
                            "image_location": "496323866215/windows_2016_habitat_workstation_1581110594",
                            "image_type": "machine",
                            "most_recent": "true",
                            "name": "windows_2016_habitat_workstation_1581110594",
                            "owner_id": "496323866215",
                            "owners.#": "1",
                            "owners.0": "496323866215",
                            "platform": "windows",
                            "product_codes.#": "0",
                            "public": "false",
                            "root_device_name": "/dev/sda1",
                            "root_device_type": "ebs",
                            "root_snapshot_id": "snap-07758c674ce3583ea",
                            "sriov_net_support": "simple",
                            "state": "available",
                            "state_reason.%": "2",
                            "state_reason.code": "UNSET",
                            "state_reason.message": "UNSET",
                            "tags.%": "0",
                            "virtualization_type": "hvm"
                        },
                        "meta": {},
                        "tainted": false
                    },
                    "deposed": [],
                    "provider": "provider.aws"
                },
                "null_resource.key_validator": {
                    "type": "null_resource",
                    "depends_on": [
                        "aws_instance.workstation",
                        "null_resource.wait_for_mins"
                    ],
                    "primary": {
                        "id": "6042904125754765859",
                        "attributes": {
                            "id": "6042904125754765859"
                        },
                        "meta": {},
                        "tainted": true
                    },
                    "deposed": [],
                    "provider": "provider.null"
                },
                "null_resource.wait_for_mins": {
                    "type": "null_resource",
                    "depends_on": [
                        "aws_instance.workstation"
                    ],
                    "primary": {
                        "id": "5534550855739365690",
                        "attributes": {
                            "id": "5534550855739365690"
                        },
                        "meta": {},
                        "tainted": false
                    },
                    "deposed": [],
                    "provider": "provider.null"
                },
                "random_id.instance_id": {
                    "type": "random_id",
                    "depends_on": [],
                    "primary": {
                        "id": "3lmysQ",
                        "attributes": {
                            "b64": "3lmysQ",
                            "b64_std": "3lmysQ==",
                            "b64_url": "3lmysQ",
                            "byte_length": "4",
                            "dec": "3730420401",
                            "hex": "de59b2b1",
                            "id": "3lmysQ"
                        },
                        "meta": {},
                        "tainted": false
                    },
                    "deposed": [],
                    "provider": "provider.random"
                }
            },
            "depends_on": []
        }
    ]
}
